{
  "requires": true,
  "lockfileVersion": 1,
  "dependencies": {
    "@types/murmurhash3js": {
      "version": "3.0.2",
      "resolved": "https://registry.npmjs.org/@types/murmurhash3js/-/murmurhash3js-3.0.2.tgz",
      "integrity": "sha512-xx8QZPFSzd5520I/EVZCNYUEzTPHYkKf+V0CBDPMA/X0vRRQRkFiEjTfoM3Yd+oE0jTKR/qZ+vDWF+2PMaVXMg==",
      "dev": true
    },
    "murmurhash3js": {
      "version": "3.0.1",
      "resolved": "https://registry.npmjs.org/murmurhash3js/-/murmurhash3js-3.0.1.tgz",
      "integrity": "sha1-Ppg+W0fCoG9DpxMXTn5DXKBEuZg="
    }
  }
}
